
Microsoft Visual Studio Solution File, Format Version 12.00
# Visual Studio 14
VisualStudioVersion = 14.0.25123.0
MinimumVisualStudioVersion = 10.0.40219.1
Project("{FAE04EC0-301F-11D3-BF4B-00C04F79EFBC}") = "AppTemplate.TDC2016.Droid", "AppTemplate.TDC2016\AppTemplate.TDC2016.Droid\AppTemplate.TDC2016.Droid.csproj", "{A252AE30-E595-42FC-BFB2-1501BE547EEB}"
EndProject
Project("{FAE04EC0-301F-11D3-BF4B-00C04F79EFBC}") = "AppTemplate.TDC2016.iOS", "AppTemplate.TDC2016\AppTemplate.TDC2016.iOS\AppTemplate.TDC2016.iOS.csproj", "{CD14A8BF-795C-4605-BBC6-745487C1C965}"
EndProject
Project("{FAE04EC0-301F-11D3-BF4B-00C04F79EFBC}") = "AppTemplate.TDC2016.WinPhone", "AppTemplate.TDC2016\AppTemplate.TDC2016.WinPhone\AppTemplate.TDC2016.WinPhone.csproj", "{70735690-8D98-4921-B68C-541EB6482F0F}"
EndProject
Project("{FAE04EC0-301F-11D3-BF4B-00C04F79EFBC}") = "AppTemplate.TDC2016.UWP", "AppTemplate.TDC2016\AppTemplate.TDC2016.UWP\AppTemplate.TDC2016.UWP.csproj", "{00CDC37D-2D50-4A50-8633-421A956A1A47}"
EndProject
Project("{FAE04EC0-301F-11D3-BF4B-00C04F79EFBC}") = "AppTemplate.TDC2016.Windows", "AppTemplate.TDC2016\AppTemplate.TDC2016.Windows\AppTemplate.TDC2016.Windows.csproj", "{EFF99BAD-1AD4-4864-A0B2-02EC3C8C475C}"
EndProject
Project("{FAE04EC0-301F-11D3-BF4B-00C04F79EFBC}") = "AppTemplate.TDC2016", "AppTemplate.TDC2016\AppTemplate.TDC2016\AppTemplate.TDC2016.csproj", "{F4BCC7FC-8CAF-4E11-8FBF-57781883D41C}"
EndProject
Project("{FAE04EC0-301F-11D3-BF4B-00C04F79EFBC}") = "AppTemplate.TDC2016.AcceptanceTests", "AppTemplate.TDC2016.AcceptanceTests\AppTemplate.TDC2016.AcceptanceTests.csproj", "{E28DBF5B-FDC6-467F-B751-51BC02947857}"
EndProject
Global
	GlobalSection(SolutionConfigurationPlatforms) = preSolution
		Ad-Hoc|Any CPU = Ad-Hoc|Any CPU
		Ad-Hoc|ARM = Ad-Hoc|ARM
		Ad-Hoc|iPhone = Ad-Hoc|iPhone
		Ad-Hoc|iPhoneSimulator = Ad-Hoc|iPhoneSimulator
		Ad-Hoc|x64 = Ad-Hoc|x64
		Ad-Hoc|x86 = Ad-Hoc|x86
		AppStore|Any CPU = AppStore|Any CPU
		AppStore|ARM = AppStore|ARM
		AppStore|iPhone = AppStore|iPhone
		AppStore|iPhoneSimulator = AppStore|iPhoneSimulator
		AppStore|x64 = AppStore|x64
		AppStore|x86 = AppStore|x86
		Debug|Any CPU = Debug|Any CPU
		Debug|ARM = Debug|ARM
		Debug|iPhone = Debug|iPhone
		Debug|iPhoneSimulator = Debug|iPhoneSimulator
		Debug|x64 = Debug|x64
		Debug|x86 = Debug|x86
		Release|Any CPU = Release|Any CPU
		Release|ARM = Release|ARM
		Release|iPhone = Release|iPhone
		Release|iPhoneSimulator = Release|iPhoneSimulator
		Release|x64 = Release|x64
		Release|x86 = Release|x86
	EndGlobalSection
	GlobalSection(ProjectConfigurationPlatforms) = postSolution
		{A252AE30-E595-42FC-BFB2-1501BE547EEB}.Ad-Hoc|Any CPU.ActiveCfg = Release|Any CPU
		{A252AE30-E595-42FC-BFB2-1501BE547EEB}.Ad-Hoc|Any CPU.Build.0 = Release|Any CPU
		{A252AE30-E595-42FC-BFB2-1501BE547EEB}.Ad-Hoc|Any CPU.Deploy.0 = Release|Any CPU
		{A252AE30-E595-42FC-BFB2-1501BE547EEB}.Ad-Hoc|ARM.ActiveCfg = Release|Any CPU
		{A252AE30-E595-42FC-BFB2-1501BE547EEB}.Ad-Hoc|ARM.Build.0 = Release|Any CPU
		{A252AE30-E595-42FC-BFB2-1501BE547EEB}.Ad-Hoc|ARM.Deploy.0 = Release|Any CPU
		{A252AE30-E595-42FC-BFB2-1501BE547EEB}.Ad-Hoc|iPhone.ActiveCfg = Release|Any CPU
		{A252AE30-E595-42FC-BFB2-1501BE547EEB}.Ad-Hoc|iPhone.Build.0 = Release|Any CPU
		{A252AE30-E595-42FC-BFB2-1501BE547EEB}.Ad-Hoc|iPhone.Deploy.0 = Release|Any CPU
		{A252AE30-E595-42FC-BFB2-1501BE547EEB}.Ad-Hoc|iPhoneSimulator.ActiveCfg = Release|Any CPU
		{A252AE30-E595-42FC-BFB2-1501BE547EEB}.Ad-Hoc|iPhoneSimulator.Build.0 = Release|Any CPU
		{A252AE30-E595-42FC-BFB2-1501BE547EEB}.Ad-Hoc|iPhoneSimulator.Deploy.0 = Release|Any CPU
		{A252AE30-E595-42FC-BFB2-1501BE547EEB}.Ad-Hoc|x64.ActiveCfg = Release|Any CPU
		{A252AE30-E595-42FC-BFB2-1501BE547EEB}.Ad-Hoc|x64.Build.0 = Release|Any CPU
		{A252AE30-E595-42FC-BFB2-1501BE547EEB}.Ad-Hoc|x64.Deploy.0 = Release|Any CPU
		{A252AE30-E595-42FC-BFB2-1501BE547EEB}.Ad-Hoc|x86.ActiveCfg = Release|Any CPU
		{A252AE30-E595-42FC-BFB2-1501BE547EEB}.Ad-Hoc|x86.Build.0 = Release|Any CPU
		{A252AE30-E595-42FC-BFB2-1501BE547EEB}.Ad-Hoc|x86.Deploy.0 = Release|Any CPU
		{A252AE30-E595-42FC-BFB2-1501BE547EEB}.AppStore|Any CPU.ActiveCfg = Release|Any CPU
		{A252AE30-E595-42FC-BFB2-1501BE547EEB}.AppStore|Any CPU.Build.0 = Release|Any CPU
		{A252AE30-E595-42FC-BFB2-1501BE547EEB}.AppStore|Any CPU.Deploy.0 = Release|Any CPU
		{A252AE30-E595-42FC-BFB2-1501BE547EEB}.AppStore|ARM.ActiveCfg = Release|Any CPU
		{A252AE30-E595-42FC-BFB2-1501BE547EEB}.AppStore|ARM.Build.0 = Release|Any CPU
		{A252AE30-E595-42FC-BFB2-1501BE547EEB}.AppStore|ARM.Deploy.0 = Release|Any CPU
		{A252AE30-E595-42FC-BFB2-1501BE547EEB}.AppStore|iPhone.ActiveCfg = Release|Any CPU
		{A252AE30-E595-42FC-BFB2-1501BE547EEB}.AppStore|iPhone.Build.0 = Release|Any CPU
		{A252AE30-E595-42FC-BFB2-1501BE547EEB}.AppStore|iPhone.Deploy.0 = Release|Any CPU
		{A252AE30-E595-42FC-BFB2-1501BE547EEB}.AppStore|iPhoneSimulator.ActiveCfg = Release|Any CPU
		{A252AE30-E595-42FC-BFB2-1501BE547EEB}.AppStore|iPhoneSimulator.Build.0 = Release|Any CPU
		{A252AE30-E595-42FC-BFB2-1501BE547EEB}.AppStore|iPhoneSimulator.Deploy.0 = Release|Any CPU
		{A252AE30-E595-42FC-BFB2-1501BE547EEB}.AppStore|x64.ActiveCfg = Release|Any CPU
		{A252AE30-E595-42FC-BFB2-1501BE547EEB}.AppStore|x64.Build.0 = Release|Any CPU
		{A252AE30-E595-42FC-BFB2-1501BE547EEB}.AppStore|x64.Deploy.0 = Release|Any CPU
		{A252AE30-E595-42FC-BFB2-1501BE547EEB}.AppStore|x86.ActiveCfg = Release|Any CPU
		{A252AE30-E595-42FC-BFB2-1501BE547EEB}.AppStore|x86.Build.0 = Release|Any CPU
		{A252AE30-E595-42FC-BFB2-1501BE547EEB}.AppStore|x86.Deploy.0 = Release|Any CPU
		{A252AE30-E595-42FC-BFB2-1501BE547EEB}.Debug|Any CPU.ActiveCfg = Debug|Any CPU
		{A252AE30-E595-42FC-BFB2-1501BE547EEB}.Debug|Any CPU.Build.0 = Debug|Any CPU
		{A252AE30-E595-42FC-BFB2-1501BE547EEB}.Debug|Any CPU.Deploy.0 = Debug|Any CPU
		{A252AE30-E595-42FC-BFB2-1501BE547EEB}.Debug|ARM.ActiveCfg = Debug|Any CPU
		{A252AE30-E595-42FC-BFB2-1501BE547EEB}.Debug|ARM.Build.0 = Debug|Any CPU
		{A252AE30-E595-42FC-BFB2-1501BE547EEB}.Debug|ARM.Deploy.0 = Debug|Any CPU
		{A252AE30-E595-42FC-BFB2-1501BE547EEB}.Debug|iPhone.ActiveCfg = Debug|Any CPU
		{A252AE30-E595-42FC-BFB2-1501BE547EEB}.Debug|iPhone.Build.0 = Debug|Any CPU
		{A252AE30-E595-42FC-BFB2-1501BE547EEB}.Debug|iPhone.Deploy.0 = Debug|Any CPU
		{A252AE30-E595-42FC-BFB2-1501BE547EEB}.Debug|iPhoneSimulator.ActiveCfg = Debug|Any CPU
		{A252AE30-E595-42FC-BFB2-1501BE547EEB}.Debug|iPhoneSimulator.Build.0 = Debug|Any CPU
		{A252AE30-E595-42FC-BFB2-1501BE547EEB}.Debug|iPhoneSimulator.Deploy.0 = Debug|Any CPU
		{A252AE30-E595-42FC-BFB2-1501BE547EEB}.Debug|x64.ActiveCfg = Debug|Any CPU
		{A252AE30-E595-42FC-BFB2-1501BE547EEB}.Debug|x64.Build.0 = Debug|Any CPU
		{A252AE30-E595-42FC-BFB2-1501BE547EEB}.Debug|x64.Deploy.0 = Debug|Any CPU
		{A252AE30-E595-42FC-BFB2-1501BE547EEB}.Debug|x86.ActiveCfg = Debug|Any CPU
		{A252AE30-E595-42FC-BFB2-1501BE547EEB}.Debug|x86.Build.0 = Debug|Any CPU
		{A252AE30-E595-42FC-BFB2-1501BE547EEB}.Debug|x86.Deploy.0 = Debug|Any CPU
		{A252AE30-E595-42FC-BFB2-1501BE547EEB}.Release|Any CPU.ActiveCfg = Release|Any CPU
		{A252AE30-E595-42FC-BFB2-1501BE547EEB}.Release|Any CPU.Build.0 = Release|Any CPU
		{A252AE30-E595-42FC-BFB2-1501BE547EEB}.Release|Any CPU.Deploy.0 = Release|Any CPU
		{A252AE30-E595-42FC-BFB2-1501BE547EEB}.Release|ARM.ActiveCfg = Release|Any CPU
		{A252AE30-E595-42FC-BFB2-1501BE547EEB}.Release|ARM.Build.0 = Release|Any CPU
		{A252AE30-E595-42FC-BFB2-1501BE547EEB}.Release|ARM.Deploy.0 = Release|Any CPU
		{A252AE30-E595-42FC-BFB2-1501BE547EEB}.Release|iPhone.ActiveCfg = Release|Any CPU
		{A252AE30-E595-42FC-BFB2-1501BE547EEB}.Release|iPhone.Build.0 = Release|Any CPU
		{A252AE30-E595-42FC-BFB2-1501BE547EEB}.Release|iPhone.Deploy.0 = Release|Any CPU
		{A252AE30-E595-42FC-BFB2-1501BE547EEB}.Release|iPhoneSimulator.ActiveCfg = Release|Any CPU
		{A252AE30-E595-42FC-BFB2-1501BE547EEB}.Release|iPhoneSimulator.Build.0 = Release|Any CPU
		{A252AE30-E595-42FC-BFB2-1501BE547EEB}.Release|iPhoneSimulator.Deploy.0 = Release|Any CPU
		{A252AE30-E595-42FC-BFB2-1501BE547EEB}.Release|x64.ActiveCfg = Release|Any CPU
		{A252AE30-E595-42FC-BFB2-1501BE547EEB}.Release|x64.Build.0 = Release|Any CPU
		{A252AE30-E595-42FC-BFB2-1501BE547EEB}.Release|x64.Deploy.0 = Release|Any CPU
		{A252AE30-E595-42FC-BFB2-1501BE547EEB}.Release|x86.ActiveCfg = Release|Any CPU
		{A252AE30-E595-42FC-BFB2-1501BE547EEB}.Release|x86.Build.0 = Release|Any CPU
		{A252AE30-E595-42FC-BFB2-1501BE547EEB}.Release|x86.Deploy.0 = Release|Any CPU
		{CD14A8BF-795C-4605-BBC6-745487C1C965}.Ad-Hoc|Any CPU.ActiveCfg = Ad-Hoc|iPhone
		{CD14A8BF-795C-4605-BBC6-745487C1C965}.Ad-Hoc|ARM.ActiveCfg = Ad-Hoc|iPhone
		{CD14A8BF-795C-4605-BBC6-745487C1C965}.Ad-Hoc|iPhone.ActiveCfg = Ad-Hoc|iPhone
		{CD14A8BF-795C-4605-BBC6-745487C1C965}.Ad-Hoc|iPhone.Build.0 = Ad-Hoc|iPhone
		{CD14A8BF-795C-4605-BBC6-745487C1C965}.Ad-Hoc|iPhoneSimulator.ActiveCfg = Ad-Hoc|iPhoneSimulator
		{CD14A8BF-795C-4605-BBC6-745487C1C965}.Ad-Hoc|iPhoneSimulator.Build.0 = Ad-Hoc|iPhoneSimulator
		{CD14A8BF-795C-4605-BBC6-745487C1C965}.Ad-Hoc|x64.ActiveCfg = Ad-Hoc|iPhone
		{CD14A8BF-795C-4605-BBC6-745487C1C965}.Ad-Hoc|x86.ActiveCfg = Ad-Hoc|iPhone
		{CD14A8BF-795C-4605-BBC6-745487C1C965}.AppStore|Any CPU.ActiveCfg = AppStore|iPhone
		{CD14A8BF-795C-4605-BBC6-745487C1C965}.AppStore|ARM.ActiveCfg = AppStore|iPhone
		{CD14A8BF-795C-4605-BBC6-745487C1C965}.AppStore|iPhone.ActiveCfg = AppStore|iPhone
		{CD14A8BF-795C-4605-BBC6-745487C1C965}.AppStore|iPhone.Build.0 = AppStore|iPhone
		{CD14A8BF-795C-4605-BBC6-745487C1C965}.AppStore|iPhoneSimulator.ActiveCfg = AppStore|iPhoneSimulator
		{CD14A8BF-795C-4605-BBC6-745487C1C965}.AppStore|iPhoneSimulator.Build.0 = AppStore|iPhoneSimulator
		{CD14A8BF-795C-4605-BBC6-745487C1C965}.AppStore|x64.ActiveCfg = AppStore|iPhone
		{CD14A8BF-795C-4605-BBC6-745487C1C965}.AppStore|x86.ActiveCfg = AppStore|iPhone
		{CD14A8BF-795C-4605-BBC6-745487C1C965}.Debug|Any CPU.ActiveCfg = Debug|iPhone
		{CD14A8BF-795C-4605-BBC6-745487C1C965}.Debug|ARM.ActiveCfg = Debug|iPhone
		{CD14A8BF-795C-4605-BBC6-745487C1C965}.Debug|iPhone.ActiveCfg = Debug|iPhone
		{CD14A8BF-795C-4605-BBC6-745487C1C965}.Debug|iPhone.Build.0 = Debug|iPhone
		{CD14A8BF-795C-4605-BBC6-745487C1C965}.Debug|iPhoneSimulator.ActiveCfg = Debug|iPhoneSimulator
		{CD14A8BF-795C-4605-BBC6-745487C1C965}.Debug|iPhoneSimulator.Build.0 = Debug|iPhoneSimulator
		{CD14A8BF-795C-4605-BBC6-745487C1C965}.Debug|x64.ActiveCfg = Debug|iPhone
		{CD14A8BF-795C-4605-BBC6-745487C1C965}.Debug|x86.ActiveCfg = Debug|iPhone
		{CD14A8BF-795C-4605-BBC6-745487C1C965}.Release|Any CPU.ActiveCfg = Release|iPhone
		{CD14A8BF-795C-4605-BBC6-745487C1C965}.Release|ARM.ActiveCfg = Release|iPhone
		{CD14A8BF-795C-4605-BBC6-745487C1C965}.Release|iPhone.ActiveCfg = Release|iPhone
		{CD14A8BF-795C-4605-BBC6-745487C1C965}.Release|iPhone.Build.0 = Release|iPhone
		{CD14A8BF-795C-4605-BBC6-745487C1C965}.Release|iPhoneSimulator.ActiveCfg = Release|iPhoneSimulator
		{CD14A8BF-795C-4605-BBC6-745487C1C965}.Release|iPhoneSimulator.Build.0 = Release|iPhoneSimulator
		{CD14A8BF-795C-4605-BBC6-745487C1C965}.Release|x64.ActiveCfg = Release|iPhone
		{CD14A8BF-795C-4605-BBC6-745487C1C965}.Release|x86.ActiveCfg = Release|iPhone
		{70735690-8D98-4921-B68C-541EB6482F0F}.Ad-Hoc|Any CPU.ActiveCfg = Release|Any CPU
		{70735690-8D98-4921-B68C-541EB6482F0F}.Ad-Hoc|Any CPU.Build.0 = Release|Any CPU
		{70735690-8D98-4921-B68C-541EB6482F0F}.Ad-Hoc|Any CPU.Deploy.0 = Release|Any CPU
		{70735690-8D98-4921-B68C-541EB6482F0F}.Ad-Hoc|ARM.ActiveCfg = Release|ARM
		{70735690-8D98-4921-B68C-541EB6482F0F}.Ad-Hoc|ARM.Build.0 = Release|ARM
		{70735690-8D98-4921-B68C-541EB6482F0F}.Ad-Hoc|ARM.Deploy.0 = Release|ARM
		{70735690-8D98-4921-B68C-541EB6482F0F}.Ad-Hoc|iPhone.ActiveCfg = Release|Any CPU
		{70735690-8D98-4921-B68C-541EB6482F0F}.Ad-Hoc|iPhone.Build.0 = Release|Any CPU
		{70735690-8D98-4921-B68C-541EB6482F0F}.Ad-Hoc|iPhone.Deploy.0 = Release|Any CPU
		{70735690-8D98-4921-B68C-541EB6482F0F}.Ad-Hoc|iPhoneSimulator.ActiveCfg = Release|Any CPU
		{70735690-8D98-4921-B68C-541EB6482F0F}.Ad-Hoc|iPhoneSimulator.Build.0 = Release|Any CPU
		{70735690-8D98-4921-B68C-541EB6482F0F}.Ad-Hoc|iPhoneSimulator.Deploy.0 = Release|Any CPU
		{70735690-8D98-4921-B68C-541EB6482F0F}.Ad-Hoc|x64.ActiveCfg = Release|Any CPU
		{70735690-8D98-4921-B68C-541EB6482F0F}.Ad-Hoc|x64.Build.0 = Release|Any CPU
		{70735690-8D98-4921-B68C-541EB6482F0F}.Ad-Hoc|x64.Deploy.0 = Release|Any CPU
		{70735690-8D98-4921-B68C-541EB6482F0F}.Ad-Hoc|x86.ActiveCfg = Release|x86
		{70735690-8D98-4921-B68C-541EB6482F0F}.Ad-Hoc|x86.Build.0 = Release|x86
		{70735690-8D98-4921-B68C-541EB6482F0F}.Ad-Hoc|x86.Deploy.0 = Release|x86
		{70735690-8D98-4921-B68C-541EB6482F0F}.AppStore|Any CPU.ActiveCfg = Release|Any CPU
		{70735690-8D98-4921-B68C-541EB6482F0F}.AppStore|Any CPU.Build.0 = Release|Any CPU
		{70735690-8D98-4921-B68C-541EB6482F0F}.AppStore|Any CPU.Deploy.0 = Release|Any CPU
		{70735690-8D98-4921-B68C-541EB6482F0F}.AppStore|ARM.ActiveCfg = Release|ARM
		{70735690-8D98-4921-B68C-541EB6482F0F}.AppStore|ARM.Build.0 = Release|ARM
		{70735690-8D98-4921-B68C-541EB6482F0F}.AppStore|ARM.Deploy.0 = Release|ARM
		{70735690-8D98-4921-B68C-541EB6482F0F}.AppStore|iPhone.ActiveCfg = Release|Any CPU
		{70735690-8D98-4921-B68C-541EB6482F0F}.AppStore|iPhone.Build.0 = Release|Any CPU
		{70735690-8D98-4921-B68C-541EB6482F0F}.AppStore|iPhone.Deploy.0 = Release|Any CPU
		{70735690-8D98-4921-B68C-541EB6482F0F}.AppStore|iPhoneSimulator.ActiveCfg = Release|Any CPU
		{70735690-8D98-4921-B68C-541EB6482F0F}.AppStore|iPhoneSimulator.Build.0 = Release|Any CPU
		{70735690-8D98-4921-B68C-541EB6482F0F}.AppStore|iPhoneSimulator.Deploy.0 = Release|Any CPU
		{70735690-8D98-4921-B68C-541EB6482F0F}.AppStore|x64.ActiveCfg = Release|Any CPU
		{70735690-8D98-4921-B68C-541EB6482F0F}.AppStore|x64.Build.0 = Release|Any CPU
		{70735690-8D98-4921-B68C-541EB6482F0F}.AppStore|x64.Deploy.0 = Release|Any CPU
		{70735690-8D98-4921-B68C-541EB6482F0F}.AppStore|x86.ActiveCfg = Release|x86
		{70735690-8D98-4921-B68C-541EB6482F0F}.AppStore|x86.Build.0 = Release|x86
		{70735690-8D98-4921-B68C-541EB6482F0F}.AppStore|x86.Deploy.0 = Release|x86
		{70735690-8D98-4921-B68C-541EB6482F0F}.Debug|Any CPU.ActiveCfg = Debug|Any CPU
		{70735690-8D98-4921-B68C-541EB6482F0F}.Debug|Any CPU.Build.0 = Debug|Any CPU
		{70735690-8D98-4921-B68C-541EB6482F0F}.Debug|Any CPU.Deploy.0 = Debug|Any CPU
		{70735690-8D98-4921-B68C-541EB6482F0F}.Debug|ARM.ActiveCfg = Debug|ARM
		{70735690-8D98-4921-B68C-541EB6482F0F}.Debug|ARM.Build.0 = Debug|ARM
		{70735690-8D98-4921-B68C-541EB6482F0F}.Debug|ARM.Deploy.0 = Debug|ARM
		{70735690-8D98-4921-B68C-541EB6482F0F}.Debug|iPhone.ActiveCfg = Debug|Any CPU
		{70735690-8D98-4921-B68C-541EB6482F0F}.Debug|iPhone.Build.0 = Debug|Any CPU
		{70735690-8D98-4921-B68C-541EB6482F0F}.Debug|iPhone.Deploy.0 = Debug|Any CPU
		{70735690-8D98-4921-B68C-541EB6482F0F}.Debug|iPhoneSimulator.ActiveCfg = Debug|Any CPU
		{70735690-8D98-4921-B68C-541EB6482F0F}.Debug|iPhoneSimulator.Build.0 = Debug|Any CPU
		{70735690-8D98-4921-B68C-541EB6482F0F}.Debug|iPhoneSimulator.Deploy.0 = Debug|Any CPU
		{70735690-8D98-4921-B68C-541EB6482F0F}.Debug|x64.ActiveCfg = Debug|Any CPU
		{70735690-8D98-4921-B68C-541EB6482F0F}.Debug|x64.Build.0 = Debug|Any CPU
		{70735690-8D98-4921-B68C-541EB6482F0F}.Debug|x64.Deploy.0 = Debug|Any CPU
		{70735690-8D98-4921-B68C-541EB6482F0F}.Debug|x86.ActiveCfg = Debug|x86
		{70735690-8D98-4921-B68C-541EB6482F0F}.Debug|x86.Build.0 = Debug|x86
		{70735690-8D98-4921-B68C-541EB6482F0F}.Debug|x86.Deploy.0 = Debug|x86
		{70735690-8D98-4921-B68C-541EB6482F0F}.Release|Any CPU.ActiveCfg = Release|Any CPU
		{70735690-8D98-4921-B68C-541EB6482F0F}.Release|Any CPU.Build.0 = Release|Any CPU
		{70735690-8D98-4921-B68C-541EB6482F0F}.Release|Any CPU.Deploy.0 = Release|Any CPU
		{70735690-8D98-4921-B68C-541EB6482F0F}.Release|ARM.ActiveCfg = Release|ARM
		{70735690-8D98-4921-B68C-541EB6482F0F}.Release|ARM.Build.0 = Release|ARM
		{70735690-8D98-4921-B68C-541EB6482F0F}.Release|ARM.Deploy.0 = Release|ARM
		{70735690-8D98-4921-B68C-541EB6482F0F}.Release|iPhone.ActiveCfg = Release|Any CPU
		{70735690-8D98-4921-B68C-541EB6482F0F}.Release|iPhone.Build.0 = Release|Any CPU
		{70735690-8D98-4921-B68C-541EB6482F0F}.Release|iPhone.Deploy.0 = Release|Any CPU
		{70735690-8D98-4921-B68C-541EB6482F0F}.Release|iPhoneSimulator.ActiveCfg = Release|Any CPU
		{70735690-8D98-4921-B68C-541EB6482F0F}.Release|iPhoneSimulator.Build.0 = Release|Any CPU
		{70735690-8D98-4921-B68C-541EB6482F0F}.Release|iPhoneSimulator.Deploy.0 = Release|Any CPU
		{70735690-8D98-4921-B68C-541EB6482F0F}.Release|x64.ActiveCfg = Release|Any CPU
		{70735690-8D98-4921-B68C-541EB6482F0F}.Release|x64.Build.0 = Release|Any CPU
		{70735690-8D98-4921-B68C-541EB6482F0F}.Release|x64.Deploy.0 = Release|Any CPU
		{70735690-8D98-4921-B68C-541EB6482F0F}.Release|x86.ActiveCfg = Release|x86
		{70735690-8D98-4921-B68C-541EB6482F0F}.Release|x86.Build.0 = Release|x86
		{70735690-8D98-4921-B68C-541EB6482F0F}.Release|x86.Deploy.0 = Release|x86
		{00CDC37D-2D50-4A50-8633-421A956A1A47}.Ad-Hoc|Any CPU.ActiveCfg = Release|x86
		{00CDC37D-2D50-4A50-8633-421A956A1A47}.Ad-Hoc|Any CPU.Build.0 = Release|x86
		{00CDC37D-2D50-4A50-8633-421A956A1A47}.Ad-Hoc|Any CPU.Deploy.0 = Release|x86
		{00CDC37D-2D50-4A50-8633-421A956A1A47}.Ad-Hoc|ARM.ActiveCfg = Release|ARM
		{00CDC37D-2D50-4A50-8633-421A956A1A47}.Ad-Hoc|ARM.Build.0 = Release|ARM
		{00CDC37D-2D50-4A50-8633-421A956A1A47}.Ad-Hoc|ARM.Deploy.0 = Release|ARM
		{00CDC37D-2D50-4A50-8633-421A956A1A47}.Ad-Hoc|iPhone.ActiveCfg = Release|x86
		{00CDC37D-2D50-4A50-8633-421A956A1A47}.Ad-Hoc|iPhone.Build.0 = Release|x86
		{00CDC37D-2D50-4A50-8633-421A956A1A47}.Ad-Hoc|iPhone.Deploy.0 = Release|x86
		{00CDC37D-2D50-4A50-8633-421A956A1A47}.Ad-Hoc|iPhoneSimulator.ActiveCfg = Release|x86
		{00CDC37D-2D50-4A50-8633-421A956A1A47}.Ad-Hoc|iPhoneSimulator.Build.0 = Release|x86
		{00CDC37D-2D50-4A50-8633-421A956A1A47}.Ad-Hoc|iPhoneSimulator.Deploy.0 = Release|x86
		{00CDC37D-2D50-4A50-8633-421A956A1A47}.Ad-Hoc|x64.ActiveCfg = Release|x64
		{00CDC37D-2D50-4A50-8633-421A956A1A47}.Ad-Hoc|x64.Build.0 = Release|x64
		{00CDC37D-2D50-4A50-8633-421A956A1A47}.Ad-Hoc|x64.Deploy.0 = Release|x64
		{00CDC37D-2D50-4A50-8633-421A956A1A47}.Ad-Hoc|x86.ActiveCfg = Release|x86
		{00CDC37D-2D50-4A50-8633-421A956A1A47}.Ad-Hoc|x86.Build.0 = Release|x86
		{00CDC37D-2D50-4A50-8633-421A956A1A47}.Ad-Hoc|x86.Deploy.0 = Release|x86
		{00CDC37D-2D50-4A50-8633-421A956A1A47}.AppStore|Any CPU.ActiveCfg = Release|x86
		{00CDC37D-2D50-4A50-8633-421A956A1A47}.AppStore|Any CPU.Build.0 = Release|x86
		{00CDC37D-2D50-4A50-8633-421A956A1A47}.AppStore|Any CPU.Deploy.0 = Release|x86
		{00CDC37D-2D50-4A50-8633-421A956A1A47}.AppStore|ARM.ActiveCfg = Release|ARM
		{00CDC37D-2D50-4A50-8633-421A956A1A47}.AppStore|ARM.Build.0 = Release|ARM
		{00CDC37D-2D50-4A50-8633-421A956A1A47}.AppStore|ARM.Deploy.0 = Release|ARM
		{00CDC37D-2D50-4A50-8633-421A956A1A47}.AppStore|iPhone.ActiveCfg = Release|x86
		{00CDC37D-2D50-4A50-8633-421A956A1A47}.AppStore|iPhone.Build.0 = Release|x86
		{00CDC37D-2D50-4A50-8633-421A956A1A47}.AppStore|iPhone.Deploy.0 = Release|x86
		{00CDC37D-2D50-4A50-8633-421A956A1A47}.AppStore|iPhoneSimulator.ActiveCfg = Release|x86
		{00CDC37D-2D50-4A50-8633-421A956A1A47}.AppStore|iPhoneSimulator.Build.0 = Release|x86
		{00CDC37D-2D50-4A50-8633-421A956A1A47}.AppStore|iPhoneSimulator.Deploy.0 = Release|x86
		{00CDC37D-2D50-4A50-8633-421A956A1A47}.AppStore|x64.ActiveCfg = Release|x64
		{00CDC37D-2D50-4A50-8633-421A956A1A47}.AppStore|x64.Build.0 = Release|x64
		{00CDC37D-2D50-4A50-8633-421A956A1A47}.AppStore|x64.Deploy.0 = Release|x64
		{00CDC37D-2D50-4A50-8633-421A956A1A47}.AppStore|x86.ActiveCfg = Release|x86
		{00CDC37D-2D50-4A50-8633-421A956A1A47}.AppStore|x86.Build.0 = Release|x86
		{00CDC37D-2D50-4A50-8633-421A956A1A47}.AppStore|x86.Deploy.0 = Release|x86
		{00CDC37D-2D50-4A50-8633-421A956A1A47}.Debug|Any CPU.ActiveCfg = Debug|x86
		{00CDC37D-2D50-4A50-8633-421A956A1A47}.Debug|ARM.ActiveCfg = Debug|ARM
		{00CDC37D-2D50-4A50-8633-421A956A1A47}.Debug|ARM.Build.0 = Debug|ARM
		{00CDC37D-2D50-4A50-8633-421A956A1A47}.Debug|ARM.Deploy.0 = Debug|ARM
		{00CDC37D-2D50-4A50-8633-421A956A1A47}.Debug|iPhone.ActiveCfg = Debug|x86
		{00CDC37D-2D50-4A50-8633-421A956A1A47}.Debug|iPhoneSimulator.ActiveCfg = Debug|x86
		{00CDC37D-2D50-4A50-8633-421A956A1A47}.Debug|x64.ActiveCfg = Debug|x64
		{00CDC37D-2D50-4A50-8633-421A956A1A47}.Debug|x64.Build.0 = Debug|x64
		{00CDC37D-2D50-4A50-8633-421A956A1A47}.Debug|x64.Deploy.0 = Debug|x64
		{00CDC37D-2D50-4A50-8633-421A956A1A47}.Debug|x86.ActiveCfg = Debug|x86
		{00CDC37D-2D50-4A50-8633-421A956A1A47}.Debug|x86.Build.0 = Debug|x86
		{00CDC37D-2D50-4A50-8633-421A956A1A47}.Debug|x86.Deploy.0 = Debug|x86
		{00CDC37D-2D50-4A50-8633-421A956A1A47}.Release|Any CPU.ActiveCfg = Release|x86
		{00CDC37D-2D50-4A50-8633-421A956A1A47}.Release|ARM.ActiveCfg = Release|ARM
		{00CDC37D-2D50-4A50-8633-421A956A1A47}.Release|ARM.Build.0 = Release|ARM
		{00CDC37D-2D50-4A50-8633-421A956A1A47}.Release|ARM.Deploy.0 = Release|ARM
		{00CDC37D-2D50-4A50-8633-421A956A1A47}.Release|iPhone.ActiveCfg = Release|x86
		{00CDC37D-2D50-4A50-8633-421A956A1A47}.Release|iPhoneSimulator.ActiveCfg = Release|x86
		{00CDC37D-2D50-4A50-8633-421A956A1A47}.Release|x64.ActiveCfg = Release|x64
		{00CDC37D-2D50-4A50-8633-421A956A1A47}.Release|x64.Build.0 = Release|x64
		{00CDC37D-2D50-4A50-8633-421A956A1A47}.Release|x64.Deploy.0 = Release|x64
		{00CDC37D-2D50-4A50-8633-421A956A1A47}.Release|x86.ActiveCfg = Release|x86
		{00CDC37D-2D50-4A50-8633-421A956A1A47}.Release|x86.Build.0 = Release|x86
		{00CDC37D-2D50-4A50-8633-421A956A1A47}.Release|x86.Deploy.0 = Release|x86
		{EFF99BAD-1AD4-4864-A0B2-02EC3C8C475C}.Ad-Hoc|Any CPU.ActiveCfg = Release|Any CPU
		{EFF99BAD-1AD4-4864-A0B2-02EC3C8C475C}.Ad-Hoc|Any CPU.Build.0 = Release|Any CPU
		{EFF99BAD-1AD4-4864-A0B2-02EC3C8C475C}.Ad-Hoc|Any CPU.Deploy.0 = Release|Any CPU
		{EFF99BAD-1AD4-4864-A0B2-02EC3C8C475C}.Ad-Hoc|ARM.ActiveCfg = Release|ARM
		{EFF99BAD-1AD4-4864-A0B2-02EC3C8C475C}.Ad-Hoc|ARM.Build.0 = Release|ARM
		{EFF99BAD-1AD4-4864-A0B2-02EC3C8C475C}.Ad-Hoc|ARM.Deploy.0 = Release|ARM
		{EFF99BAD-1AD4-4864-A0B2-02EC3C8C475C}.Ad-Hoc|iPhone.ActiveCfg = Release|Any CPU
		{EFF99BAD-1AD4-4864-A0B2-02EC3C8C475C}.Ad-Hoc|iPhone.Build.0 = Release|Any CPU
		{EFF99BAD-1AD4-4864-A0B2-02EC3C8C475C}.Ad-Hoc|iPhone.Deploy.0 = Release|Any CPU
		{EFF99BAD-1AD4-4864-A0B2-02EC3C8C475C}.Ad-Hoc|iPhoneSimulator.ActiveCfg = Release|Any CPU
		{EFF99BAD-1AD4-4864-A0B2-02EC3C8C475C}.Ad-Hoc|iPhoneSimulator.Build.0 = Release|Any CPU
		{EFF99BAD-1AD4-4864-A0B2-02EC3C8C475C}.Ad-Hoc|iPhoneSimulator.Deploy.0 = Release|Any CPU
		{EFF99BAD-1AD4-4864-A0B2-02EC3C8C475C}.Ad-Hoc|x64.ActiveCfg = Release|x64
		{EFF99BAD-1AD4-4864-A0B2-02EC3C8C475C}.Ad-Hoc|x64.Build.0 = Release|x64
		{EFF99BAD-1AD4-4864-A0B2-02EC3C8C475C}.Ad-Hoc|x64.Deploy.0 = Release|x64
		{EFF99BAD-1AD4-4864-A0B2-02EC3C8C475C}.Ad-Hoc|x86.ActiveCfg = Release|x86
		{EFF99BAD-1AD4-4864-A0B2-02EC3C8C475C}.Ad-Hoc|x86.Build.0 = Release|x86
		{EFF99BAD-1AD4-4864-A0B2-02EC3C8C475C}.Ad-Hoc|x86.Deploy.0 = Release|x86
		{EFF99BAD-1AD4-4864-A0B2-02EC3C8C475C}.AppStore|Any CPU.ActiveCfg = Release|Any CPU
		{EFF99BAD-1AD4-4864-A0B2-02EC3C8C475C}.AppStore|Any CPU.Build.0 = Release|Any CPU
		{EFF99BAD-1AD4-4864-A0B2-02EC3C8C475C}.AppStore|Any CPU.Deploy.0 = Release|Any CPU
		{EFF99BAD-1AD4-4864-A0B2-02EC3C8C475C}.AppStore|ARM.ActiveCfg = Release|ARM
		{EFF99BAD-1AD4-4864-A0B2-02EC3C8C475C}.AppStore|ARM.Build.0 = Release|ARM
		{EFF99BAD-1AD4-4864-A0B2-02EC3C8C475C}.AppStore|ARM.Deploy.0 = Release|ARM
		{EFF99BAD-1AD4-4864-A0B2-02EC3C8C475C}.AppStore|iPhone.ActiveCfg = Release|Any CPU
		{EFF99BAD-1AD4-4864-A0B2-02EC3C8C475C}.AppStore|iPhone.Build.0 = Release|Any CPU
		{EFF99BAD-1AD4-4864-A0B2-02EC3C8C475C}.AppStore|iPhone.Deploy.0 = Release|Any CPU
		{EFF99BAD-1AD4-4864-A0B2-02EC3C8C475C}.AppStore|iPhoneSimulator.ActiveCfg = Release|Any CPU
		{EFF99BAD-1AD4-4864-A0B2-02EC3C8C475C}.AppStore|iPhoneSimulator.Build.0 = Release|Any CPU
		{EFF99BAD-1AD4-4864-A0B2-02EC3C8C475C}.AppStore|iPhoneSimulator.Deploy.0 = Release|Any CPU
		{EFF99BAD-1AD4-4864-A0B2-02EC3C8C475C}.AppStore|x64.ActiveCfg = Release|x64
		{EFF99BAD-1AD4-4864-A0B2-02EC3C8C475C}.AppStore|x64.Build.0 = Release|x64
		{EFF99BAD-1AD4-4864-A0B2-02EC3C8C475C}.AppStore|x64.Deploy.0 = Release|x64
		{EFF99BAD-1AD4-4864-A0B2-02EC3C8C475C}.AppStore|x86.ActiveCfg = Release|x86
		{EFF99BAD-1AD4-4864-A0B2-02EC3C8C475C}.AppStore|x86.Build.0 = Release|x86
		{EFF99BAD-1AD4-4864-A0B2-02EC3C8C475C}.AppStore|x86.Deploy.0 = Release|x86
		{EFF99BAD-1AD4-4864-A0B2-02EC3C8C475C}.Debug|Any CPU.ActiveCfg = Debug|Any CPU
		{EFF99BAD-1AD4-4864-A0B2-02EC3C8C475C}.Debug|Any CPU.Build.0 = Debug|Any CPU
		{EFF99BAD-1AD4-4864-A0B2-02EC3C8C475C}.Debug|Any CPU.Deploy.0 = Debug|Any CPU
		{EFF99BAD-1AD4-4864-A0B2-02EC3C8C475C}.Debug|ARM.ActiveCfg = Debug|ARM
		{EFF99BAD-1AD4-4864-A0B2-02EC3C8C475C}.Debug|ARM.Build.0 = Debug|ARM
		{EFF99BAD-1AD4-4864-A0B2-02EC3C8C475C}.Debug|ARM.Deploy.0 = Debug|ARM
		{EFF99BAD-1AD4-4864-A0B2-02EC3C8C475C}.Debug|iPhone.ActiveCfg = Debug|Any CPU
		{EFF99BAD-1AD4-4864-A0B2-02EC3C8C475C}.Debug|iPhone.Build.0 = Debug|Any CPU
		{EFF99BAD-1AD4-4864-A0B2-02EC3C8C475C}.Debug|iPhone.Deploy.0 = Debug|Any CPU
		{EFF99BAD-1AD4-4864-A0B2-02EC3C8C475C}.Debug|iPhoneSimulator.ActiveCfg = Debug|Any CPU
		{EFF99BAD-1AD4-4864-A0B2-02EC3C8C475C}.Debug|iPhoneSimulator.Build.0 = Debug|Any CPU
		{EFF99BAD-1AD4-4864-A0B2-02EC3C8C475C}.Debug|iPhoneSimulator.Deploy.0 = Debug|Any CPU
		{EFF99BAD-1AD4-4864-A0B2-02EC3C8C475C}.Debug|x64.ActiveCfg = Debug|x64
		{EFF99BAD-1AD4-4864-A0B2-02EC3C8C475C}.Debug|x64.Build.0 = Debug|x64
		{EFF99BAD-1AD4-4864-A0B2-02EC3C8C475C}.Debug|x64.Deploy.0 = Debug|x64
		{EFF99BAD-1AD4-4864-A0B2-02EC3C8C475C}.Debug|x86.ActiveCfg = Debug|x86
		{EFF99BAD-1AD4-4864-A0B2-02EC3C8C475C}.Debug|x86.Build.0 = Debug|x86
		{EFF99BAD-1AD4-4864-A0B2-02EC3C8C475C}.Debug|x86.Deploy.0 = Debug|x86
		{EFF99BAD-1AD4-4864-A0B2-02EC3C8C475C}.Release|Any CPU.ActiveCfg = Release|Any CPU
		{EFF99BAD-1AD4-4864-A0B2-02EC3C8C475C}.Release|Any CPU.Build.0 = Release|Any CPU
		{EFF99BAD-1AD4-4864-A0B2-02EC3C8C475C}.Release|Any CPU.Deploy.0 = Release|Any CPU
		{EFF99BAD-1AD4-4864-A0B2-02EC3C8C475C}.Release|ARM.ActiveCfg = Release|ARM
		{EFF99BAD-1AD4-4864-A0B2-02EC3C8C475C}.Release|ARM.Build.0 = Release|ARM
		{EFF99BAD-1AD4-4864-A0B2-02EC3C8C475C}.Release|ARM.Deploy.0 = Release|ARM
		{EFF99BAD-1AD4-4864-A0B2-02EC3C8C475C}.Release|iPhone.ActiveCfg = Release|Any CPU
		{EFF99BAD-1AD4-4864-A0B2-02EC3C8C475C}.Release|iPhone.Build.0 = Release|Any CPU
		{EFF99BAD-1AD4-4864-A0B2-02EC3C8C475C}.Release|iPhone.Deploy.0 = Release|Any CPU
		{EFF99BAD-1AD4-4864-A0B2-02EC3C8C475C}.Release|iPhoneSimulator.ActiveCfg = Release|Any CPU
		{EFF99BAD-1AD4-4864-A0B2-02EC3C8C475C}.Release|iPhoneSimulator.Build.0 = Release|Any CPU
		{EFF99BAD-1AD4-4864-A0B2-02EC3C8C475C}.Release|iPhoneSimulator.Deploy.0 = Release|Any CPU
		{EFF99BAD-1AD4-4864-A0B2-02EC3C8C475C}.Release|x64.ActiveCfg = Release|x64
		{EFF99BAD-1AD4-4864-A0B2-02EC3C8C475C}.Release|x64.Build.0 = Release|x64
		{EFF99BAD-1AD4-4864-A0B2-02EC3C8C475C}.Release|x64.Deploy.0 = Release|x64
		{EFF99BAD-1AD4-4864-A0B2-02EC3C8C475C}.Release|x86.ActiveCfg = Release|x86
		{EFF99BAD-1AD4-4864-A0B2-02EC3C8C475C}.Release|x86.Build.0 = Release|x86
		{EFF99BAD-1AD4-4864-A0B2-02EC3C8C475C}.Release|x86.Deploy.0 = Release|x86
		{F4BCC7FC-8CAF-4E11-8FBF-57781883D41C}.Ad-Hoc|Any CPU.ActiveCfg = Release|Any CPU
		{F4BCC7FC-8CAF-4E11-8FBF-57781883D41C}.Ad-Hoc|Any CPU.Build.0 = Release|Any CPU
		{F4BCC7FC-8CAF-4E11-8FBF-57781883D41C}.Ad-Hoc|ARM.ActiveCfg = Release|Any CPU
		{F4BCC7FC-8CAF-4E11-8FBF-57781883D41C}.Ad-Hoc|ARM.Build.0 = Release|Any CPU
		{F4BCC7FC-8CAF-4E11-8FBF-57781883D41C}.Ad-Hoc|iPhone.ActiveCfg = Release|Any CPU
		{F4BCC7FC-8CAF-4E11-8FBF-57781883D41C}.Ad-Hoc|iPhone.Build.0 = Release|Any CPU
		{F4BCC7FC-8CAF-4E11-8FBF-57781883D41C}.Ad-Hoc|iPhoneSimulator.ActiveCfg = Release|Any CPU
		{F4BCC7FC-8CAF-4E11-8FBF-57781883D41C}.Ad-Hoc|iPhoneSimulator.Build.0 = Release|Any CPU
		{F4BCC7FC-8CAF-4E11-8FBF-57781883D41C}.Ad-Hoc|x64.ActiveCfg = Release|Any CPU
		{F4BCC7FC-8CAF-4E11-8FBF-57781883D41C}.Ad-Hoc|x64.Build.0 = Release|Any CPU
		{F4BCC7FC-8CAF-4E11-8FBF-57781883D41C}.Ad-Hoc|x86.ActiveCfg = Release|Any CPU
		{F4BCC7FC-8CAF-4E11-8FBF-57781883D41C}.Ad-Hoc|x86.Build.0 = Release|Any CPU
		{F4BCC7FC-8CAF-4E11-8FBF-57781883D41C}.AppStore|Any CPU.ActiveCfg = Release|Any CPU
		{F4BCC7FC-8CAF-4E11-8FBF-57781883D41C}.AppStore|Any CPU.Build.0 = Release|Any CPU
		{F4BCC7FC-8CAF-4E11-8FBF-57781883D41C}.AppStore|ARM.ActiveCfg = Release|Any CPU
		{F4BCC7FC-8CAF-4E11-8FBF-57781883D41C}.AppStore|ARM.Build.0 = Release|Any CPU
		{F4BCC7FC-8CAF-4E11-8FBF-57781883D41C}.AppStore|iPhone.ActiveCfg = Release|Any CPU
		{F4BCC7FC-8CAF-4E11-8FBF-57781883D41C}.AppStore|iPhone.Build.0 = Release|Any CPU
		{F4BCC7FC-8CAF-4E11-8FBF-57781883D41C}.AppStore|iPhoneSimulator.ActiveCfg = Release|Any CPU
		{F4BCC7FC-8CAF-4E11-8FBF-57781883D41C}.AppStore|iPhoneSimulator.Build.0 = Release|Any CPU
		{F4BCC7FC-8CAF-4E11-8FBF-57781883D41C}.AppStore|x64.ActiveCfg = Release|Any CPU
		{F4BCC7FC-8CAF-4E11-8FBF-57781883D41C}.AppStore|x64.Build.0 = Release|Any CPU
		{F4BCC7FC-8CAF-4E11-8FBF-57781883D41C}.AppStore|x86.ActiveCfg = Release|Any CPU
		{F4BCC7FC-8CAF-4E11-8FBF-57781883D41C}.AppStore|x86.Build.0 = Release|Any CPU
		{F4BCC7FC-8CAF-4E11-8FBF-57781883D41C}.Debug|Any CPU.ActiveCfg = Debug|Any CPU
		{F4BCC7FC-8CAF-4E11-8FBF-57781883D41C}.Debug|Any CPU.Build.0 = Debug|Any CPU
		{F4BCC7FC-8CAF-4E11-8FBF-57781883D41C}.Debug|ARM.ActiveCfg = Debug|Any CPU
		{F4BCC7FC-8CAF-4E11-8FBF-57781883D41C}.Debug|ARM.Build.0 = Debug|Any CPU
		{F4BCC7FC-8CAF-4E11-8FBF-57781883D41C}.Debug|iPhone.ActiveCfg = Debug|Any CPU
		{F4BCC7FC-8CAF-4E11-8FBF-57781883D41C}.Debug|iPhone.Build.0 = Debug|Any CPU
		{F4BCC7FC-8CAF-4E11-8FBF-57781883D41C}.Debug|iPhoneSimulator.ActiveCfg = Debug|Any CPU
		{F4BCC7FC-8CAF-4E11-8FBF-57781883D41C}.Debug|iPhoneSimulator.Build.0 = Debug|Any CPU
		{F4BCC7FC-8CAF-4E11-8FBF-57781883D41C}.Debug|x64.ActiveCfg = Debug|Any CPU
		{F4BCC7FC-8CAF-4E11-8FBF-57781883D41C}.Debug|x64.Build.0 = Debug|Any CPU
		{F4BCC7FC-8CAF-4E11-8FBF-57781883D41C}.Debug|x86.ActiveCfg = Debug|Any CPU
		{F4BCC7FC-8CAF-4E11-8FBF-57781883D41C}.Debug|x86.Build.0 = Debug|Any CPU
		{F4BCC7FC-8CAF-4E11-8FBF-57781883D41C}.Release|Any CPU.ActiveCfg = Release|Any CPU
		{F4BCC7FC-8CAF-4E11-8FBF-57781883D41C}.Release|Any CPU.Build.0 = Release|Any CPU
		{F4BCC7FC-8CAF-4E11-8FBF-57781883D41C}.Release|ARM.ActiveCfg = Release|Any CPU
		{F4BCC7FC-8CAF-4E11-8FBF-57781883D41C}.Release|ARM.Build.0 = Release|Any CPU
		{F4BCC7FC-8CAF-4E11-8FBF-57781883D41C}.Release|iPhone.ActiveCfg = Release|Any CPU
		{F4BCC7FC-8CAF-4E11-8FBF-57781883D41C}.Release|iPhone.Build.0 = Release|Any CPU
		{F4BCC7FC-8CAF-4E11-8FBF-57781883D41C}.Release|iPhoneSimulator.ActiveCfg = Release|Any CPU
		{F4BCC7FC-8CAF-4E11-8FBF-57781883D41C}.Release|iPhoneSimulator.Build.0 = Release|Any CPU
		{F4BCC7FC-8CAF-4E11-8FBF-57781883D41C}.Release|x64.ActiveCfg = Release|Any CPU
		{F4BCC7FC-8CAF-4E11-8FBF-57781883D41C}.Release|x64.Build.0 = Release|Any CPU
		{F4BCC7FC-8CAF-4E11-8FBF-57781883D41C}.Release|x86.ActiveCfg = Release|Any CPU
		{F4BCC7FC-8CAF-4E11-8FBF-57781883D41C}.Release|x86.Build.0 = Release|Any CPU
		{E28DBF5B-FDC6-467F-B751-51BC02947857}.Ad-Hoc|Any CPU.ActiveCfg = Release|Any CPU
		{E28DBF5B-FDC6-467F-B751-51BC02947857}.Ad-Hoc|Any CPU.Build.0 = Release|Any CPU
		{E28DBF5B-FDC6-467F-B751-51BC02947857}.Ad-Hoc|ARM.ActiveCfg = Release|Any CPU
		{E28DBF5B-FDC6-467F-B751-51BC02947857}.Ad-Hoc|ARM.Build.0 = Release|Any CPU
		{E28DBF5B-FDC6-467F-B751-51BC02947857}.Ad-Hoc|iPhone.ActiveCfg = Release|Any CPU
		{E28DBF5B-FDC6-467F-B751-51BC02947857}.Ad-Hoc|iPhone.Build.0 = Release|Any CPU
		{E28DBF5B-FDC6-467F-B751-51BC02947857}.Ad-Hoc|iPhoneSimulator.ActiveCfg = Release|Any CPU
		{E28DBF5B-FDC6-467F-B751-51BC02947857}.Ad-Hoc|iPhoneSimulator.Build.0 = Release|Any CPU
		{E28DBF5B-FDC6-467F-B751-51BC02947857}.Ad-Hoc|x64.ActiveCfg = Release|Any CPU
		{E28DBF5B-FDC6-467F-B751-51BC02947857}.Ad-Hoc|x64.Build.0 = Release|Any CPU
		{E28DBF5B-FDC6-467F-B751-51BC02947857}.Ad-Hoc|x86.ActiveCfg = Release|Any CPU
		{E28DBF5B-FDC6-467F-B751-51BC02947857}.Ad-Hoc|x86.Build.0 = Release|Any CPU
		{E28DBF5B-FDC6-467F-B751-51BC02947857}.AppStore|Any CPU.ActiveCfg = Release|Any CPU
		{E28DBF5B-FDC6-467F-B751-51BC02947857}.AppStore|Any CPU.Build.0 = Release|Any CPU
		{E28DBF5B-FDC6-467F-B751-51BC02947857}.AppStore|ARM.ActiveCfg = Release|Any CPU
		{E28DBF5B-FDC6-467F-B751-51BC02947857}.AppStore|ARM.Build.0 = Release|Any CPU
		{E28DBF5B-FDC6-467F-B751-51BC02947857}.AppStore|iPhone.ActiveCfg = Release|Any CPU
		{E28DBF5B-FDC6-467F-B751-51BC02947857}.AppStore|iPhone.Build.0 = Release|Any CPU
		{E28DBF5B-FDC6-467F-B751-51BC02947857}.AppStore|iPhoneSimulator.ActiveCfg = Release|Any CPU
		{E28DBF5B-FDC6-467F-B751-51BC02947857}.AppStore|iPhoneSimulator.Build.0 = Release|Any CPU
		{E28DBF5B-FDC6-467F-B751-51BC02947857}.AppStore|x64.ActiveCfg = Release|Any CPU
		{E28DBF5B-FDC6-467F-B751-51BC02947857}.AppStore|x64.Build.0 = Release|Any CPU
		{E28DBF5B-FDC6-467F-B751-51BC02947857}.AppStore|x86.ActiveCfg = Release|Any CPU
		{E28DBF5B-FDC6-467F-B751-51BC02947857}.AppStore|x86.Build.0 = Release|Any CPU
		{E28DBF5B-FDC6-467F-B751-51BC02947857}.Debug|Any CPU.ActiveCfg = Debug|Any CPU
		{E28DBF5B-FDC6-467F-B751-51BC02947857}.Debug|Any CPU.Build.0 = Debug|Any CPU
		{E28DBF5B-FDC6-467F-B751-51BC02947857}.Debug|ARM.ActiveCfg = Debug|Any CPU
		{E28DBF5B-FDC6-467F-B751-51BC02947857}.Debug|ARM.Build.0 = Debug|Any CPU
		{E28DBF5B-FDC6-467F-B751-51BC02947857}.Debug|iPhone.ActiveCfg = Debug|Any CPU
		{E28DBF5B-FDC6-467F-B751-51BC02947857}.Debug|iPhone.Build.0 = Debug|Any CPU
		{E28DBF5B-FDC6-467F-B751-51BC02947857}.Debug|iPhoneSimulator.ActiveCfg = Debug|Any CPU
		{E28DBF5B-FDC6-467F-B751-51BC02947857}.Debug|iPhoneSimulator.Build.0 = Debug|Any CPU
		{E28DBF5B-FDC6-467F-B751-51BC02947857}.Debug|x64.ActiveCfg = Debug|Any CPU
		{E28DBF5B-FDC6-467F-B751-51BC02947857}.Debug|x64.Build.0 = Debug|Any CPU
		{E28DBF5B-FDC6-467F-B751-51BC02947857}.Debug|x86.ActiveCfg = Debug|Any CPU
		{E28DBF5B-FDC6-467F-B751-51BC02947857}.Debug|x86.Build.0 = Debug|Any CPU
		{E28DBF5B-FDC6-467F-B751-51BC02947857}.Release|Any CPU.ActiveCfg = Release|Any CPU
		{E28DBF5B-FDC6-467F-B751-51BC02947857}.Release|Any CPU.Build.0 = Release|Any CPU
		{E28DBF5B-FDC6-467F-B751-51BC02947857}.Release|ARM.ActiveCfg = Release|Any CPU
		{E28DBF5B-FDC6-467F-B751-51BC02947857}.Release|ARM.Build.0 = Release|Any CPU
		{E28DBF5B-FDC6-467F-B751-51BC02947857}.Release|iPhone.ActiveCfg = Release|Any CPU
		{E28DBF5B-FDC6-467F-B751-51BC02947857}.Release|iPhone.Build.0 = Release|Any CPU
		{E28DBF5B-FDC6-467F-B751-51BC02947857}.Release|iPhoneSimulator.ActiveCfg = Release|Any CPU
		{E28DBF5B-FDC6-467F-B751-51BC02947857}.Release|iPhoneSimulator.Build.0 = Release|Any CPU
		{E28DBF5B-FDC6-467F-B751-51BC02947857}.Release|x64.ActiveCfg = Release|Any CPU
		{E28DBF5B-FDC6-467F-B751-51BC02947857}.Release|x64.Build.0 = Release|Any CPU
		{E28DBF5B-FDC6-467F-B751-51BC02947857}.Release|x86.ActiveCfg = Release|Any CPU
		{E28DBF5B-FDC6-467F-B751-51BC02947857}.Release|x86.Build.0 = Release|Any CPU
	EndGlobalSection
	GlobalSection(SolutionProperties) = preSolution
		HideSolutionNode = FALSE
	EndGlobalSection
EndGlobal
